// !$*UTF8*$!
{
	archiveVersion = 1;
	classes = {
	};
	objectVersion = 51;
	objects = {

/* Begin PBXBuildFile section */
		1E8ABECF0EA5E8C36CDA0861 /* Pods_WeatherAppSwiftTests.framework in Frameworks */ = {isa = PBXBuildFile; fileRef = B455DF37A6FD4FC6DB856B18 /* Pods_WeatherAppSwiftTests.framework */; };
		94E929D6240D09D4003D6B74 /* AppDelegate.swift in Sources */ = {isa = PBXBuildFile; fileRef = 94E929D5240D09D4003D6B74 /* AppDelegate.swift */; };
		94E929D8240D09D4003D6B74 /* SceneDelegate.swift in Sources */ = {isa = PBXBuildFile; fileRef = 94E929D7240D09D4003D6B74 /* SceneDelegate.swift */; };
		94E929DF240D09D9003D6B74 /* Assets.xcassets in Resources */ = {isa = PBXBuildFile; fileRef = 94E929DE240D09D9003D6B74 /* Assets.xcassets */; };
		94E929E2240D09D9003D6B74 /* LaunchScreen.storyboard in Resources */ = {isa = PBXBuildFile; fileRef = 94E929E0240D09D9003D6B74 /* LaunchScreen.storyboard */; };
		94E929ED240D09D9003D6B74 /* WeatherAppSwiftTests.swift in Sources */ = {isa = PBXBuildFile; fileRef = 94E929EC240D09D9003D6B74 /* WeatherAppSwiftTests.swift */; };
		94E929F8240D0EA9003D6B74 /* TabBarController.swift in Sources */ = {isa = PBXBuildFile; fileRef = 94E929F7240D0EA9003D6B74 /* TabBarController.swift */; };
		94E929FA240D232B003D6B74 /* ShowViewController.swift in Sources */ = {isa = PBXBuildFile; fileRef = 94E929F9240D232B003D6B74 /* ShowViewController.swift */; };
		94E929FC240D2679003D6B74 /* DetailViewController.swift in Sources */ = {isa = PBXBuildFile; fileRef = 94E929FB240D2679003D6B74 /* DetailViewController.swift */; };
		94E929FE240E369D003D6B74 /* CollectionViewController.swift in Sources */ = {isa = PBXBuildFile; fileRef = 94E929FD240E369D003D6B74 /* CollectionViewController.swift */; };
		94E92A00240E3812003D6B74 /* ExtensionTools.swift in Sources */ = {isa = PBXBuildFile; fileRef = 94E929FF240E3812003D6B74 /* ExtensionTools.swift */; };
		94E92A02240F40C0003D6B74 /* WaterFallLayout.swift in Sources */ = {isa = PBXBuildFile; fileRef = 94E92A01240F40C0003D6B74 /* WaterFallLayout.swift */; };
		94E92A04240F7BF1003D6B74 /* BannerScrollView.swift in Sources */ = {isa = PBXBuildFile; fileRef = 94E92A03240F7BF1003D6B74 /* BannerScrollView.swift */; };
		94E92A0624109083003D6B74 /* WebViewController.swift in Sources */ = {isa = PBXBuildFile; fileRef = 94E92A0524109083003D6B74 /* WebViewController.swift */; };
		94E92A0D2410F997003D6B74 /* cityCode.plist in Resources */ = {isa = PBXBuildFile; fileRef = 94E92A0C2410F997003D6B74 /* cityCode.plist */; };
		94E92A102411E6EF003D6B74 /* cityWeathDetail.swift in Sources */ = {isa = PBXBuildFile; fileRef = 94E92A0F2411E6EF003D6B74 /* cityWeathDetail.swift */; };
		94E92A1424123423003D6B74 /* WeathTool.swift in Sources */ = {isa = PBXBuildFile; fileRef = 94E92A1324123423003D6B74 /* WeathTool.swift */; };
		94E92A5424151E57003D6B74 /* PersonalViewController.swift in Sources */ = {isa = PBXBuildFile; fileRef = 94E92A5324151E57003D6B74 /* PersonalViewController.swift */; };
		94E92A5B2417768D003D6B74 /* NotificationCenter.framework in Frameworks */ = {isa = PBXBuildFile; fileRef = 94E92A5A2417768D003D6B74 /* NotificationCenter.framework */; };
		94E92A5E2417768D003D6B74 /* TodayViewController.swift in Sources */ = {isa = PBXBuildFile; fileRef = 94E92A5D2417768D003D6B74 /* TodayViewController.swift */; };
		94E92A612417768D003D6B74 /* MainInterface.storyboard in Resources */ = {isa = PBXBuildFile; fileRef = 94E92A5F2417768D003D6B74 /* MainInterface.storyboard */; };
		94E92A652417768D003D6B74 /* WeathAppSwiftExtension.appex in Embed App Extensions */ = {isa = PBXBuildFile; fileRef = 94E92A592417768D003D6B74 /* WeathAppSwiftExtension.appex */; settings = {ATTRIBUTES = (RemoveHeadersOnCopy, ); }; };
		94E92A6B24177CA5003D6B74 /* SearchBar.swift in Sources */ = {isa = PBXBuildFile; fileRef = 94E92A6A24177CA5003D6B74 /* SearchBar.swift */; };
		94E92A6F24188518003D6B74 /* CommentManager.swift in Sources */ = {isa = PBXBuildFile; fileRef = 94E92A6E24188518003D6B74 /* CommentManager.swift */; };
		94E92A722419C749003D6B74 /* RequestManager.swift in Sources */ = {isa = PBXBuildFile; fileRef = 94E92A712419C749003D6B74 /* RequestManager.swift */; };
		D10CA1C6E359AC2E40D6B5EF /* Pods_WeatherAppSwift.framework in Frameworks */ = {isa = PBXBuildFile; fileRef = 6BC7DF110694E16565D44F95 /* Pods_WeatherAppSwift.framework */; };
/* End PBXBuildFile section */

/* Begin PBXContainerItemProxy section */
		94E929E9240D09D9003D6B74 /* PBXContainerItemProxy */ = {
			isa = PBXContainerItemProxy;
			containerPortal = 94E929CA240D09D4003D6B74 /* Project object */;
			proxyType = 1;
			remoteGlobalIDString = 94E929D1240D09D4003D6B74;
			remoteInfo = WeatherAppSwift;
		};
		94E92A632417768D003D6B74 /* PBXContainerItemProxy */ = {
			isa = PBXContainerItemProxy;
			containerPortal = 94E929CA240D09D4003D6B74 /* Project object */;
			proxyType = 1;
			remoteGlobalIDString = 94E92A582417768D003D6B74;
			remoteInfo = WeathAppSwiftExtension;
		};
/* End PBXContainerItemProxy section */

/* Begin PBXCopyFilesBuildPhase section */
		94E92A692417768D003D6B74 /* Embed App Extensions */ = {
			isa = PBXCopyFilesBuildPhase;
			buildActionMask = 2147483647;
			dstPath = "";
			dstSubfolderSpec = 13;
			files = (
				94E92A652417768D003D6B74 /* WeathAppSwiftExtension.appex in Embed App Extensions */,
			);
			name = "Embed App Extensions";
			runOnlyForDeploymentPostprocessing = 0;
		};
/* End PBXCopyFilesBuildPhase section */

/* Begin PBXFileReference section */
		6BC7DF110694E16565D44F95 /* Pods_WeatherAppSwift.framework */ = {isa = PBXFileReference; explicitFileType = wrapper.framework; includeInIndex = 0; path = Pods_WeatherAppSwift.framework; sourceTree = BUILT_PRODUCTS_DIR; };
		8052839FADDB92D5180D2E95 /* Pods-WeatherAppSwiftTests.debug.xcconfig */ = {isa = PBXFileReference; includeInIndex = 1; lastKnownFileType = text.xcconfig; name = "Pods-WeatherAppSwiftTests.debug.xcconfig"; path = "Target Support Files/Pods-WeatherAppSwiftTests/Pods-WeatherAppSwiftTests.debug.xcconfig"; sourceTree = "<group>"; };
		94E929D2240D09D4003D6B74 /* WeatherAppSwift.app */ = {isa = PBXFileReference; explicitFileType = wrapper.application; includeInIndex = 0; path = WeatherAppSwift.app; sourceTree = BUILT_PRODUCTS_DIR; };
		94E929D5240D09D4003D6B74 /* AppDelegate.swift */ = {isa = PBXFileReference; lastKnownFileType = sourcecode.swift; path = AppDelegate.swift; sourceTree = "<group>"; };
		94E929D7240D09D4003D6B74 /* SceneDelegate.swift */ = {isa = PBXFileReference; lastKnownFileType = sourcecode.swift; path = SceneDelegate.swift; sourceTree = "<group>"; };
		94E929DE240D09D9003D6B74 /* Assets.xcassets */ = {isa = PBXFileReference; lastKnownFileType = folder.assetcatalog; path = Assets.xcassets; sourceTree = "<group>"; };
		94E929E1240D09D9003D6B74 /* Base */ = {isa = PBXFileReference; lastKnownFileType = file.storyboard; name = Base; path = Base.lproj/LaunchScreen.storyboard; sourceTree = "<group>"; };
		94E929E3240D09D9003D6B74 /* Info.plist */ = {isa = PBXFileReference; lastKnownFileType = text.plist.xml; path = Info.plist; sourceTree = "<group>"; };
		94E929E8240D09D9003D6B74 /* WeatherAppSwiftTests.xctest */ = {isa = PBXFileReference; explicitFileType = wrapper.cfbundle; includeInIndex = 0; path = WeatherAppSwiftTests.xctest; sourceTree = BUILT_PRODUCTS_DIR; };
		94E929EC240D09D9003D6B74 /* WeatherAppSwiftTests.swift */ = {isa = PBXFileReference; lastKnownFileType = sourcecode.swift; path = WeatherAppSwiftTests.swift; sourceTree = "<group>"; };
		94E929EE240D09D9003D6B74 /* Info.plist */ = {isa = PBXFileReference; lastKnownFileType = text.plist.xml; path = Info.plist; sourceTree = "<group>"; };
		94E929F7240D0EA9003D6B74 /* TabBarController.swift */ = {isa = PBXFileReference; lastKnownFileType = sourcecode.swift; path = TabBarController.swift; sourceTree = "<group>"; };
		94E929F9240D232B003D6B74 /* ShowViewController.swift */ = {isa = PBXFileReference; lastKnownFileType = sourcecode.swift; path = ShowViewController.swift; sourceTree = "<group>"; };
		94E929FB240D2679003D6B74 /* DetailViewController.swift */ = {isa = PBXFileReference; lastKnownFileType = sourcecode.swift; path = DetailViewController.swift; sourceTree = "<group>"; };
		94E929FD240E369D003D6B74 /* CollectionViewController.swift */ = {isa = PBXFileReference; lastKnownFileType = sourcecode.swift; path = CollectionViewController.swift; sourceTree = "<group>"; };
		94E929FF240E3812003D6B74 /* ExtensionTools.swift */ = {isa = PBXFileReference; lastKnownFileType = sourcecode.swift; path = ExtensionTools.swift; sourceTree = "<group>"; };
		94E92A01240F40C0003D6B74 /* WaterFallLayout.swift */ = {isa = PBXFileReference; lastKnownFileType = sourcecode.swift; path = WaterFallLayout.swift; sourceTree = "<group>"; };
		94E92A03240F7BF1003D6B74 /* BannerScrollView.swift */ = {isa = PBXFileReference; lastKnownFileType = sourcecode.swift; path = BannerScrollView.swift; sourceTree = "<group>"; };
		94E92A0524109083003D6B74 /* WebViewController.swift */ = {isa = PBXFileReference; lastKnownFileType = sourcecode.swift; path = WebViewController.swift; sourceTree = "<group>"; };
		94E92A0C2410F997003D6B74 /* cityCode.plist */ = {isa = PBXFileReference; fileEncoding = 4; lastKnownFileType = text.plist.xml; path = cityCode.plist; sourceTree = "<group>"; };
		94E92A0F2411E6EF003D6B74 /* cityWeathDetail.swift */ = {isa = PBXFileReference; lastKnownFileType = sourcecode.swift; path = cityWeathDetail.swift; sourceTree = "<group>"; };
		94E92A1324123423003D6B74 /* WeathTool.swift */ = {isa = PBXFileReference; lastKnownFileType = sourcecode.swift; path = WeathTool.swift; sourceTree = "<group>"; };
		94E92A5324151E57003D6B74 /* PersonalViewController.swift */ = {isa = PBXFileReference; lastKnownFileType = sourcecode.swift; path = PersonalViewController.swift; sourceTree = "<group>"; };
		94E92A592417768D003D6B74 /* WeathAppSwiftExtension.appex */ = {isa = PBXFileReference; explicitFileType = "wrapper.app-extension"; includeInIndex = 0; path = WeathAppSwiftExtension.appex; sourceTree = BUILT_PRODUCTS_DIR; };
		94E92A5A2417768D003D6B74 /* NotificationCenter.framework */ = {isa = PBXFileReference; lastKnownFileType = wrapper.framework; name = NotificationCenter.framework; path = System/Library/Frameworks/NotificationCenter.framework; sourceTree = SDKROOT; };
		94E92A5D2417768D003D6B74 /* TodayViewController.swift */ = {isa = PBXFileReference; lastKnownFileType = sourcecode.swift; path = TodayViewController.swift; sourceTree = "<group>"; };
		94E92A602417768D003D6B74 /* Base */ = {isa = PBXFileReference; lastKnownFileType = file.storyboard; name = Base; path = Base.lproj/MainInterface.storyboard; sourceTree = "<group>"; };
		94E92A622417768D003D6B74 /* Info.plist */ = {isa = PBXFileReference; lastKnownFileType = text.plist.xml; path = Info.plist; sourceTree = "<group>"; };
		94E92A6A24177CA5003D6B74 /* SearchBar.swift */ = {isa = PBXFileReference; lastKnownFileType = sourcecode.swift; path = SearchBar.swift; sourceTree = "<group>"; };
		94E92A6E24188518003D6B74 /* CommentManager.swift */ = {isa = PBXFileReference; lastKnownFileType = sourcecode.swift; path = CommentManager.swift; sourceTree = "<group>"; };
		94E92A712419C749003D6B74 /* RequestManager.swift */ = {isa = PBXFileReference; lastKnownFileType = sourcecode.swift; path = RequestManager.swift; sourceTree = "<group>"; };
		AF6FC0734E210728406EC752 /* Pods-WeatherAppSwift.release.xcconfig */ = {isa = PBXFileReference; includeInIndex = 1; lastKnownFileType = text.xcconfig; name = "Pods-WeatherAppSwift.release.xcconfig"; path = "Target Support Files/Pods-WeatherAppSwift/Pods-WeatherAppSwift.release.xcconfig"; sourceTree = "<group>"; };
		B455DF37A6FD4FC6DB856B18 /* Pods_WeatherAppSwiftTests.framework */ = {isa = PBXFileReference; explicitFileType = wrapper.framework; includeInIndex = 0; path = Pods_WeatherAppSwiftTests.framework; sourceTree = BUILT_PRODUCTS_DIR; };
		CDEFB00EA878E88EB851D86B /* Pods-WeatherAppSwift.debug.xcconfig */ = {isa = PBXFileReference; includeInIndex = 1; lastKnownFileType = text.xcconfig; name = "Pods-WeatherAppSwift.debug.xcconfig"; path = "Target Support Files/Pods-WeatherAppSwift/Pods-WeatherAppSwift.debug.xcconfig"; sourceTree = "<group>"; };
		EB9A1BE7638B2CD3690D20B2 /* Pods-WeatherAppSwiftTests.release.xcconfig */ = {isa = PBXFileReference; includeInIndex = 1; lastKnownFileType = text.xcconfig; name = "Pods-WeatherAppSwiftTests.release.xcconfig"; path = "Target Support Files/Pods-WeatherAppSwiftTests/Pods-WeatherAppSwiftTests.release.xcconfig"; sourceTree = "<group>"; };
/* End PBXFileReference section */

/* Begin PBXFrameworksBuildPhase section */
		94E929CF240D09D4003D6B74 /* Frameworks */ = {
			isa = PBXFrameworksBuildPhase;
			buildActionMask = 2147483647;
			files = (
				D10CA1C6E359AC2E40D6B5EF /* Pods_WeatherAppSwift.framework in Frameworks */,
			);
			runOnlyForDeploymentPostprocessing = 0;
		};
		94E929E5240D09D9003D6B74 /* Frameworks */ = {
			isa = PBXFrameworksBuildPhase;
			buildActionMask = 2147483647;
			files = (
				1E8ABECF0EA5E8C36CDA0861 /* Pods_WeatherAppSwiftTests.framework in Frameworks */,
			);
			runOnlyForDeploymentPostprocessing = 0;
		};
		94E92A562417768D003D6B74 /* Frameworks */ = {
			isa = PBXFrameworksBuildPhase;
			buildActionMask = 2147483647;
			files = (
				94E92A5B2417768D003D6B74 /* NotificationCenter.framework in Frameworks */,
			);
			runOnlyForDeploymentPostprocessing = 0;
		};
/* End PBXFrameworksBuildPhase section */

/* Begin PBXGroup section */
		007D6838FFE3BA0D8904AC72 /* Pods */ = {
			isa = PBXGroup;
			children = (
				CDEFB00EA878E88EB851D86B /* Pods-WeatherAppSwift.debug.xcconfig */,
				AF6FC0734E210728406EC752 /* Pods-WeatherAppSwift.release.xcconfig */,
				8052839FADDB92D5180D2E95 /* Pods-WeatherAppSwiftTests.debug.xcconfig */,
				EB9A1BE7638B2CD3690D20B2 /* Pods-WeatherAppSwiftTests.release.xcconfig */,
			);
			path = Pods;
			sourceTree = "<group>";
		};
		4F89FE03EDE99897113102CA /* Frameworks */ = {
			isa = PBXGroup;
			children = (
				6BC7DF110694E16565D44F95 /* Pods_WeatherAppSwift.framework */,
				B455DF37A6FD4FC6DB856B18 /* Pods_WeatherAppSwiftTests.framework */,
				94E92A5A2417768D003D6B74 /* NotificationCenter.framework */,
			);
			name = Frameworks;
			sourceTree = "<group>";
		};
		94E929C9240D09D4003D6B74 = {
			isa = PBXGroup;
			children = (
				94E929D4240D09D4003D6B74 /* WeatherAppSwift */,
				94E929EB240D09D9003D6B74 /* WeatherAppSwiftTests */,
				94E92A5C2417768D003D6B74 /* WeathAppSwiftExtension */,
				94E929D3240D09D4003D6B74 /* Products */,
				007D6838FFE3BA0D8904AC72 /* Pods */,
				4F89FE03EDE99897113102CA /* Frameworks */,
			);
			sourceTree = "<group>";
		};
		94E929D3240D09D4003D6B74 /* Products */ = {
			isa = PBXGroup;
			children = (
				94E929D2240D09D4003D6B74 /* WeatherAppSwift.app */,
				94E929E8240D09D9003D6B74 /* WeatherAppSwiftTests.xctest */,
				94E92A592417768D003D6B74 /* WeathAppSwiftExtension.appex */,
			);
			name = Products;
			sourceTree = "<group>";
		};
		94E929D4240D09D4003D6B74 /* WeatherAppSwift */ = {
			isa = PBXGroup;
			children = (
				94E92A702419C711003D6B74 /* Manager */,
				94E92A0E2411E6C8003D6B74 /* Model */,
				94E92A6D241881B2003D6B74 /* View */,
				94E92A6C2418819D003D6B74 /* ViewController */,
				94E92A12241233FA003D6B74 /* Tools */,
				94E92A072410F4A9003D6B74 /* Resource */,
				94E929D5240D09D4003D6B74 /* AppDelegate.swift */,
				94E929D7240D09D4003D6B74 /* SceneDelegate.swift */,
				94E929DE240D09D9003D6B74 /* Assets.xcassets */,
				94E929E0240D09D9003D6B74 /* LaunchScreen.storyboard */,
				94E929E3240D09D9003D6B74 /* Info.plist */,
			);
			path = WeatherAppSwift;
			sourceTree = "<group>";
		};
		94E929EB240D09D9003D6B74 /* WeatherAppSwiftTests */ = {
			isa = PBXGroup;
			children = (
				94E929EC240D09D9003D6B74 /* WeatherAppSwiftTests.swift */,
				94E929EE240D09D9003D6B74 /* Info.plist */,
			);
			path = WeatherAppSwiftTests;
			sourceTree = "<group>";
		};
		94E92A072410F4A9003D6B74 /* Resource */ = {
			isa = PBXGroup;
			children = (
				94E92A0C2410F997003D6B74 /* cityCode.plist */,
			);
			path = Resource;
			sourceTree = "<group>";
		};
		94E92A0E2411E6C8003D6B74 /* Model */ = {
			isa = PBXGroup;
			children = (
				94E92A0F2411E6EF003D6B74 /* cityWeathDetail.swift */,
			);
			path = Model;
			sourceTree = "<group>";
		};
		94E92A12241233FA003D6B74 /* Tools */ = {
			isa = PBXGroup;
			children = (
				94E929FF240E3812003D6B74 /* ExtensionTools.swift */,
				94E92A1324123423003D6B74 /* WeathTool.swift */,
			);
			path = Tools;
			sourceTree = "<group>";
		};
		94E92A5C2417768D003D6B74 /* WeathAppSwiftExtension */ = {
			isa = PBXGroup;
			children = (
				94E92A5D2417768D003D6B74 /* TodayViewController.swift */,
				94E92A5F2417768D003D6B74 /* MainInterface.storyboard */,
				94E92A622417768D003D6B74 /* Info.plist */,
			);
			path = WeathAppSwiftExtension;
			sourceTree = "<group>";
		};
		94E92A6C2418819D003D6B74 /* ViewController */ = {
			isa = PBXGroup;
			children = (
				94E929F7240D0EA9003D6B74 /* TabBarController.swift */,
				94E929F9240D232B003D6B74 /* ShowViewController.swift */,
				94E929FB240D2679003D6B74 /* DetailViewController.swift */,
				94E929FD240E369D003D6B74 /* CollectionViewController.swift */,
				94E92A0524109083003D6B74 /* WebViewController.swift */,
				94E92A5324151E57003D6B74 /* PersonalViewController.swift */,
			);
			path = ViewController;
			sourceTree = "<group>";
		};
		94E92A6D241881B2003D6B74 /* View */ = {
			isa = PBXGroup;
			children = (
				94E92A01240F40C0003D6B74 /* WaterFallLayout.swift */,
				94E92A03240F7BF1003D6B74 /* BannerScrollView.swift */,
				94E92A6A24177CA5003D6B74 /* SearchBar.swift */,
			);
			path = View;
			sourceTree = "<group>";
		};
		94E92A702419C711003D6B74 /* Manager */ = {
			isa = PBXGroup;
			children = (
				94E92A6E24188518003D6B74 /* CommentManager.swift */,
				94E92A712419C749003D6B74 /* RequestManager.swift */,
			);
			path = Manager;
			sourceTree = "<group>";
		};
/* End PBXGroup section */

/* Begin PBXNativeTarget section */
		94E929D1240D09D4003D6B74 /* WeatherAppSwift */ = {
			isa = PBXNativeTarget;
			buildConfigurationList = 94E929F1240D09D9003D6B74 /* Build configuration list for PBXNativeTarget "WeatherAppSwift" */;
			buildPhases = (
				2436E8BA2E7D42C58A326962 /* [CP] Check Pods Manifest.lock */,
				94E929CE240D09D4003D6B74 /* Sources */,
				94E929CF240D09D4003D6B74 /* Frameworks */,
				94E929D0240D09D4003D6B74 /* Resources */,
				C0931DF7AA920AB4A81BB878 /* [CP] Embed Pods Frameworks */,
				94E92A692417768D003D6B74 /* Embed App Extensions */,
			);
			buildRules = (
			);
			dependencies = (
				94E92A642417768D003D6B74 /* PBXTargetDependency */,
			);
			name = WeatherAppSwift;
			productName = WeatherAppSwift;
			productReference = 94E929D2240D09D4003D6B74 /* WeatherAppSwift.app */;
			productType = "com.apple.product-type.application";
		};
		94E929E7240D09D9003D6B74 /* WeatherAppSwiftTests */ = {
			isa = PBXNativeTarget;
			buildConfigurationList = 94E929F4240D09D9003D6B74 /* Build configuration list for PBXNativeTarget "WeatherAppSwiftTests" */;
			buildPhases = (
				4E1C7C5B8116743185467900 /* [CP] Check Pods Manifest.lock */,
				94E929E4240D09D9003D6B74 /* Sources */,
				94E929E5240D09D9003D6B74 /* Frameworks */,
				94E929E6240D09D9003D6B74 /* Resources */,
			);
			buildRules = (
			);
			dependencies = (
				94E929EA240D09D9003D6B74 /* PBXTargetDependency */,
			);
			name = WeatherAppSwiftTests;
			productName = WeatherAppSwiftTests;
			productReference = 94E929E8240D09D9003D6B74 /* WeatherAppSwiftTests.xctest */;
			productType = "com.apple.product-type.bundle.unit-test";
		};
		94E92A582417768D003D6B74 /* WeathAppSwiftExtension */ = {
			isa = PBXNativeTarget;
			buildConfigurationList = 94E92A662417768D003D6B74 /* Build configuration list for PBXNativeTarget "WeathAppSwiftExtension" */;
			buildPhases = (
				94E92A552417768D003D6B74 /* Sources */,
				94E92A562417768D003D6B74 /* Frameworks */,
				94E92A572417768D003D6B74 /* Resources */,
			);
			buildRules = (
			);
			dependencies = (
			);
			name = WeathAppSwiftExtension;
			productName = WeathAppSwiftExtension;
			productReference = 94E92A592417768D003D6B74 /* WeathAppSwiftExtension.appex */;
			productType = "com.apple.product-type.app-extension";
		};
/* End PBXNativeTarget section */

/* Begin PBXProject section */
		94E929CA240D09D4003D6B74 /* Project object */ = {
			isa = PBXProject;
			attributes = {
				LastSwiftUpdateCheck = 1130;
				LastUpgradeCheck = 1130;
				ORGANIZATIONNAME = "He Bob";
				TargetAttributes = {
					94E929D1240D09D4003D6B74 = {
						CreatedOnToolsVersion = 11.3.1;
					};
					94E929E7240D09D9003D6B74 = {
						CreatedOnToolsVersion = 11.3.1;
						TestTargetID = 94E929D1240D09D4003D6B74;
					};
					94E92A582417768D003D6B74 = {
						CreatedOnToolsVersion = 11.3.1;
					};
				};
			};
			buildConfigurationList = 94E929CD240D09D4003D6B74 /* Build configuration list for PBXProject "WeatherAppSwift" */;
			compatibilityVersion = "Xcode 9.3";
			developmentRegion = en;
			hasScannedForEncodings = 0;
			knownRegions = (
				en,
				Base,
			);
			mainGroup = 94E929C9240D09D4003D6B74;
			productRefGroup = 94E929D3240D09D4003D6B74 /* Products */;
			projectDirPath = "";
			projectRoot = "";
			targets = (
				94E929D1240D09D4003D6B74 /* WeatherAppSwift */,
				94E929E7240D09D9003D6B74 /* WeatherAppSwiftTests */,
				94E92A582417768D003D6B74 /* WeathAppSwiftExtension */,
			);
		};
/* End PBXProject section */

/* Begin PBXResourcesBuildPhase section */
		94E929D0240D09D4003D6B74 /* Resources */ = {
			isa = PBXResourcesBuildPhase;
			buildActionMask = 2147483647;
			files = (
				94E929E2240D09D9003D6B74 /* LaunchScreen.storyboard in Resources */,
				94E929DF240D09D9003D6B74 /* Assets.xcassets in Resources */,
				94E92A0D2410F997003D6B74 /* cityCode.plist in Resources */,
			);
			runOnlyForDeploymentPostprocessing = 0;
		};
		94E929E6240D09D9003D6B74 /* Resources */ = {
			isa = PBXResourcesBuildPhase;
			buildActionMask = 2147483647;
			files = (
			);
			runOnlyForDeploymentPostprocessing = 0;
		};
		94E92A572417768D003D6B74 /* Resources */ = {
			isa = PBXResourcesBuildPhase;
			buildActionMask = 2147483647;
			files = (
				94E92A612417768D003D6B74 /* MainInterface.storyboard in Resources */,
			);
			runOnlyForDeploymentPostprocessing = 0;
		};
/* End PBXResourcesBuildPhase section */

/* Begin PBXShellScriptBuildPhase section */
		2436E8BA2E7D42C58A326962 /* [CP] Check Pods Manifest.lock */ = {
			isa = PBXShellScriptBuildPhase;
			buildActionMask = 2147483647;
			files = (
			);
			inputFileListPaths = (
			);
			inputPaths = (
				"${PODS_PODFILE_DIR_PATH}/Podfile.lock",
				"${PODS_ROOT}/Manifest.lock",
			);
			name = "[CP] Check Pods Manifest.lock";
			outputFileListPaths = (
			);
			outputPaths = (
				"$(DERIVED_FILE_DIR)/Pods-WeatherAppSwift-checkManifestLockResult.txt",
			);
			runOnlyForDeploymentPostprocessing = 0;
			shellPath = /bin/sh;
			shellScript = "diff \"${PODS_PODFILE_DIR_PATH}/Podfile.lock\" \"${PODS_ROOT}/Manifest.lock\" > /dev/null\nif [ $? != 0 ] ; then\n    # print error to STDERR\n    echo \"error: The sandbox is not in sync with the Podfile.lock. Run 'pod install' or update your CocoaPods installation.\" >&2\n    exit 1\nfi\n# This output is used by Xcode 'outputs' to avoid re-running this script phase.\necho \"SUCCESS\" > \"${SCRIPT_OUTPUT_FILE_0}\"\n";
			showEnvVarsInLog = 0;
		};
		4E1C7C5B8116743185467900 /* [CP] Check Pods Manifest.lock */ = {
			isa = PBXShellScriptBuildPhase;
			buildActionMask = 2147483647;
			files = (
			);
			inputFileListPaths = (
			);
			inputPaths = (
				"${PODS_PODFILE_DIR_PATH}/Podfile.lock",
				"${PODS_ROOT}/Manifest.lock",
			);
			name = "[CP] Check Pods Manifest.lock";
			outputFileListPaths = (
			);
			outputPaths = (
				"$(DERIVED_FILE_DIR)/Pods-WeatherAppSwiftTests-checkManifestLockResult.txt",
			);
			runOnlyForDeploymentPostprocessing = 0;
			shellPath = /bin/sh;
			shellScript = "diff \"${PODS_PODFILE_DIR_PATH}/Podfile.lock\" \"${PODS_ROOT}/Manifest.lock\" > /dev/null\nif [ $? != 0 ] ; then\n    # print error to STDERR\n    echo \"error: The sandbox is not in sync with the Podfile.lock. Run 'pod install' or update your CocoaPods installation.\" >&2\n    exit 1\nfi\n# This output is used by Xcode 'outputs' to avoid re-running this script phase.\necho \"SUCCESS\" > \"${SCRIPT_OUTPUT_FILE_0}\"\n";
			showEnvVarsInLog = 0;
		};
		C0931DF7AA920AB4A81BB878 /* [CP] Embed Pods Frameworks */ = {
			isa = PBXShellScriptBuildPhase;
			buildActionMask = 2147483647;
			files = (
			);
			inputFileListPaths = (
				"${PODS_ROOT}/Target Support Files/Pods-WeatherAppSwift/Pods-WeatherAppSwift-frameworks-${CONFIGURATION}-input-files.xcfilelist",
			);
			name = "[CP] Embed Pods Frameworks";
			outputFileListPaths = (
				"${PODS_ROOT}/Target Support Files/Pods-WeatherAppSwift/Pods-WeatherAppSwift-frameworks-${CONFIGURATION}-output-files.xcfilelist",
			);
			runOnlyForDeploymentPostprocessing = 0;
			shellPath = /bin/sh;
			shellScript = "\"${PODS_ROOT}/Target Support Files/Pods-WeatherAppSwift/Pods-WeatherAppSwift-frameworks.sh\"\n";
			showEnvVarsInLog = 0;
		};
/* End PBXShellScriptBuildPhase section */

/* Begin PBXSourcesBuildPhase section */
		94E929CE240D09D4003D6B74 /* Sources */ = {
			isa = PBXSourcesBuildPhase;
			buildActionMask = 2147483647;
			files = (
				94E92A6F24188518003D6B74 /* CommentManager.swift in Sources */,
				94E92A02240F40C0003D6B74 /* WaterFallLayout.swift in Sources */,
				94E929FE240E369D003D6B74 /* CollectionViewController.swift in Sources */,
				94E92A722419C749003D6B74 /* RequestManager.swift in Sources */,
				94E929F8240D0EA9003D6B74 /* TabBarController.swift in Sources */,
				94E92A0624109083003D6B74 /* WebViewController.swift in Sources */,
				94E929D6240D09D4003D6B74 /* AppDelegate.swift in Sources */,
				94E929FC240D2679003D6B74 /* DetailViewController.swift in Sources */,
				94E92A00240E3812003D6B74 /* ExtensionTools.swift in Sources */,
				94E92A6B24177CA5003D6B74 /* SearchBar.swift in Sources */,
				94E929D8240D09D4003D6B74 /* SceneDelegate.swift in Sources */,
				94E929FA240D232B003D6B74 /* ShowViewController.swift in Sources */,
				94E92A5424151E57003D6B74 /* PersonalViewController.swift in Sources */,
				94E92A1424123423003D6B74 /* WeathTool.swift in Sources */,
				94E92A04240F7BF1003D6B74 /* BannerScrollView.swift in Sources */,
				94E92A102411E6EF003D6B74 /* cityWeathDetail.swift in Sources */,
			);
			runOnlyForDeploymentPostprocessing = 0;
		};
		94E929E4240D09D9003D6B74 /* Sources */ = {
			isa = PBXSourcesBuildPhase;
			buildActionMask = 2147483647;
			files = (
				94E929ED240D09D9003D6B74 /* WeatherAppSwiftTests.swift in Sources */,
			);
			runOnlyForDeploymentPostprocessing = 0;
		};
		94E92A552417768D003D6B74 /* Sources */ = {
			isa = PBXSourcesBuildPhase;
			buildActionMask = 2147483647;
			files = (
				94E92A5E2417768D003D6B74 /* TodayViewController.swift in Sources */,
			);
			runOnlyForDeploymentPostprocessing = 0;
		};
/* End PBXSourcesBuildPhase section */

/* Begin PBXTargetDependency section */
		94E929EA240D09D9003D6B74 /* PBXTargetDependency */ = {
			isa = PBXTargetDependency;
			target = 94E929D1240D09D4003D6B74 /* WeatherAppSwift */;
			targetProxy = 94E929E9240D09D9003D6B74 /* PBXContainerItemProxy */;
		};
		94E92A642417768D003D6B74 /* PBXTargetDependency */ = {
			isa = PBXTargetDependency;
			target = 94E92A582417768D003D6B74 /* WeathAppSwiftExtension */;
			targetProxy = 94E92A632417768D003D6B74 /* PBXContainerItemProxy */;
		};
/* End PBXTargetDependency section */

/* Begin PBXVariantGroup section */
		94E929E0240D09D9003D6B74 /* LaunchScreen.storyboard */ = {
			isa = PBXVariantGroup;
			children = (
				94E929E1240D09D9003D6B74 /* Base */,
			);
			name = LaunchScreen.storyboard;
			sourceTree = "<group>";
		};
		94E92A5F2417768D003D6B74 /* MainInterface.storyboard */ = {
			isa = PBXVariantGroup;
			children = (
				94E92A602417768D003D6B74 /* Base */,
			);
			name = MainInterface.storyboard;
			sourceTree = "<group>";
		};
/* End PBXVariantGroup section */

/* Begin XCBuildConfiguration section */
		94E929EF240D09D9003D6B74 /* Debug */ = {
			isa = XCBuildConfiguration;
			buildSettings = {
				ALWAYS_SEARCH_USER_PATHS = NO;
				CLANG_ANALYZER_NONNULL = YES;
				CLANG_ANALYZER_NUMBER_OBJECT_CONVERSION = YES_AGGRESSIVE;
				CLANG_CXX_LANGUAGE_STANDARD = "gnu++14";
				CLANG_CXX_LIBRARY = "libc++";
				CLANG_ENABLE_MODULES = YES;
				CLANG_ENABLE_OBJC_ARC = YES;
				CLANG_ENABLE_OBJC_WEAK = YES;
				CLANG_WARN_BLOCK_CAPTURE_AUTORELEASING = YES;
				CLANG_WARN_BOOL_CONVERSION = YES;
				CLANG_WARN_COMMA = YES;
				CLANG_WARN_CONSTANT_CONVERSION = YES;
				CLANG_WARN_DEPRECATED_OBJC_IMPLEMENTATIONS = YES;
				CLANG_WARN_DIRECT_OBJC_ISA_USAGE = YES_ERROR;
				CLANG_WARN_DOCUMENTATION_COMMENTS = YES;
				CLANG_WARN_EMPTY_BODY = YES;
				CLANG_WARN_ENUM_CONVERSION = YES;
				CLANG_WARN_INFINITE_RECURSION = YES;
				CLANG_WARN_INT_CONVERSION = YES;
				CLANG_WARN_NON_LITERAL_NULL_CONVERSION = YES;
				CLANG_WARN_OBJC_IMPLICIT_RETAIN_SELF = YES;
				CLANG_WARN_OBJC_LITERAL_CONVERSION = YES;
				CLANG_WARN_OBJC_ROOT_CLASS = YES_ERROR;
				CLANG_WARN_RANGE_LOOP_ANALYSIS = YES;
				CLANG_WARN_STRICT_PROTOTYPES = YES;
				CLANG_WARN_SUSPICIOUS_MOVE = YES;
				CLANG_WARN_UNGUARDED_AVAILABILITY = YES_AGGRESSIVE;
				CLANG_WARN_UNREACHABLE_CODE = YES;
				CLANG_WARN__DUPLICATE_METHOD_MATCH = YES;
				COPY_PHASE_STRIP = NO;
				DEBUG_INFORMATION_FORMAT = dwarf;
				ENABLE_STRICT_OBJC_MSGSEND = YES;
				ENABLE_TESTABILITY = YES;
				GCC_C_LANGUAGE_STANDARD = gnu11;
				GCC_DYNAMIC_NO_PIC = NO;
				GCC_NO_COMMON_BLOCKS = YES;
				GCC_OPTIMIZATION_LEVEL = 0;
				GCC_PREPROCESSOR_DEFINITIONS = (
					"DEBUG=1",
					"$(inherited)",
				);
				GCC_WARN_64_TO_32_BIT_CONVERSION = YES;
				GCC_WARN_ABOUT_RETURN_TYPE = YES_ERROR;
				GCC_WARN_UNDECLARED_SELECTOR = YES;
				GCC_WARN_UNINITIALIZED_AUTOS = YES_AGGRESSIVE;
				GCC_WARN_UNUSED_FUNCTION = YES;
				GCC_WARN_UNUSED_VARIABLE = YES;
				IPHONEOS_DEPLOYMENT_TARGET = 13.2;
				MTL_ENABLE_DEBUG_INFO = INCLUDE_SOURCE;
				MTL_FAST_MATH = YES;
				ONLY_ACTIVE_ARCH = YES;
				SDKROOT = iphoneos;
				SWIFT_ACTIVE_COMPILATION_CONDITIONS = DEBUG;
				SWIFT_OPTIMIZATION_LEVEL = "-Onone";
			};
			name = Debug;
		};
		94E929F0240D09D9003D6B74 /* Release */ = {
			isa = XCBuildConfiguration;
			buildSettings = {
				ALWAYS_SEARCH_USER_PATHS = NO;
				CLANG_ANALYZER_NONNULL = YES;
				CLANG_ANALYZER_NUMBER_OBJECT_CONVERSION = YES_AGGRESSIVE;
				CLANG_CXX_LANGUAGE_STANDARD = "gnu++14";
				CLANG_CXX_LIBRARY = "libc++";
				CLANG_ENABLE_MODULES = YES;
				CLANG_ENABLE_OBJC_ARC = YES;
				CLANG_ENABLE_OBJC_WEAK = YES;
				CLANG_WARN_BLOCK_CAPTURE_AUTORELEASING = YES;
				CLANG_WARN_BOOL_CONVERSION = YES;
				CLANG_WARN_COMMA = YES;
				CLANG_WARN_CONSTANT_CONVERSION = YES;
				CLANG_WARN_DEPRECATED_OBJC_IMPLEMENTATIONS = YES;
				CLANG_WARN_DIRECT_OBJC_ISA_USAGE = YES_ERROR;
				CLANG_WARN_DOCUMENTATION_COMMENTS = YES;
				CLANG_WARN_EMPTY_BODY = YES;
				CLANG_WARN_ENUM_CONVERSION = YES;
				CLANG_WARN_INFINITE_RECURSION = YES;
				CLANG_WARN_INT_CONVERSION = YES;
				CLANG_WARN_NON_LITERAL_NULL_CONVERSION = YES;
				CLANG_WARN_OBJC_IMPLICIT_RETAIN_SELF = YES;
				CLANG_WARN_OBJC_LITERAL_CONVERSION = YES;
				CLANG_WARN_OBJC_ROOT_CLASS = YES_ERROR;
				CLANG_WARN_RANGE_LOOP_ANALYSIS = YES;
				CLANG_WARN_STRICT_PROTOTYPES = YES;
				CLANG_WARN_SUSPICIOUS_MOVE = YES;
				CLANG_WARN_UNGUARDED_AVAILABILITY = YES_AGGRESSIVE;
				CLANG_WARN_UNREACHABLE_CODE = YES;
				CLANG_WARN__DUPLICATE_METHOD_MATCH = YES;
				COPY_PHASE_STRIP = NO;
				DEBUG_INFORMATION_FORMAT = "dwarf-with-dsym";
				ENABLE_NS_ASSERTIONS = NO;
				ENABLE_STRICT_OBJC_MSGSEND = YES;
				GCC_C_LANGUAGE_STANDARD = gnu11;
				GCC_NO_COMMON_BLOCKS = YES;
				GCC_WARN_64_TO_32_BIT_CONVERSION = YES;
				GCC_WARN_ABOUT_RETURN_TYPE = YES_ERROR;
				GCC_WARN_UNDECLARED_SELECTOR = YES;
				GCC_WARN_UNINITIALIZED_AUTOS = YES_AGGRESSIVE;
				GCC_WARN_UNUSED_FUNCTION = YES;
				GCC_WARN_UNUSED_VARIABLE = YES;
				IPHONEOS_DEPLOYMENT_TARGET = 13.2;
				MTL_ENABLE_DEBUG_INFO = NO;
				MTL_FAST_MATH = YES;
				SDKROOT = iphoneos;
				SWIFT_COMPILATION_MODE = wholemodule;
				SWIFT_OPTIMIZATION_LEVEL = "-O";
				VALIDATE_PRODUCT = YES;
			};
			name = Release;
		};
		94E929F2240D09D9003D6B74 /* Debug */ = {
			isa = XCBuildConfiguration;
			baseConfigurationReference = CDEFB00EA878E88EB851D86B /* Pods-WeatherAppSwift.debug.xcconfig */;
			buildSettings = {
				ALWAYS_EMBED_SWIFT_STANDARD_LIBRARIES = YES;
				ASSETCATALOG_COMPILER_APPICON_NAME = AppIcon;
				CODE_SIGN_IDENTITY = "Apple Development";
				CODE_SIGN_STYLE = Manual;
				DEVELOPMENT_TEAM = "";
				INFOPLIST_FILE = WeatherAppSwift/Info.plist;
				IPHONEOS_DEPLOYMENT_TARGET = 13.2;
				LD_RUNPATH_SEARCH_PATHS = (
					"$(inherited)",
					"@executable_path/Frameworks",
				);
				PRODUCT_BUNDLE_IDENTIFIER = com.hgd.WeatherAppSwift;
				PRODUCT_NAME = "$(TARGET_NAME)";
				PROVISIONING_PROFILE_SPECIFIER = "";
				SWIFT_VERSION = 5.0;
				TARGETED_DEVICE_FAMILY = "1,2";
			};
			name = Debug;
		};
		94E929F3240D09D9003D6B74 /* Release */ = {
			isa = XCBuildConfiguration;
			baseConfigurationReference = AF6FC0734E210728406EC752 /* Pods-WeatherAppSwift.release.xcconfig */;
			buildSettings = {
				ALWAYS_EMBED_SWIFT_STANDARD_LIBRARIES = YES;
				ASSETCATALOG_COMPILER_APPICON_NAME = AppIcon;
				CODE_SIGN_IDENTITY = "Apple Development";
				CODE_SIGN_STYLE = Manual;
				DEVELOPMENT_TEAM = "";
				INFOPLIST_FILE = WeatherAppSwift/Info.plist;
				IPHONEOS_DEPLOYMENT_TARGET = 13.2;
				LD_RUNPATH_SEARCH_PATHS = (
					"$(inherited)",
					"@executable_path/Frameworks",
				);
				PRODUCT_BUNDLE_IDENTIFIER = com.hgd.WeatherAppSwift;
				PRODUCT_NAME = "$(TARGET_NAME)";
				PROVISIONING_PROFILE_SPECIFIER = "";
				SWIFT_VERSION = 5.0;
				TARGETED_DEVICE_FAMILY = "1,2";
			};
			name = Release;
		};
		94E929F5240D09D9003D6B74 /* Debug */ = {
			isa = XCBuildConfiguration;
			baseConfigurationReference = 8052839FADDB92D5180D2E95 /* Pods-WeatherAppSwiftTests.debug.xcconfig */;
			buildSettings = {
				ALWAYS_EMBED_SWIFT_STANDARD_LIBRARIES = YES;
				BUNDLE_LOADER = "$(TEST_HOST)";
				CODE_SIGN_STYLE = Automatic;
				DEVELOPMENT_TEAM = C4YHU2GEWQ;
				INFOPLIST_FILE = WeatherAppSwiftTests/Info.plist;
				IPHONEOS_DEPLOYMENT_TARGET = 13.2;
				LD_RUNPATH_SEARCH_PATHS = (
					"$(inherited)",
					"@executable_path/Frameworks",
					"@loader_path/Frameworks",
				);
				PRODUCT_BUNDLE_IDENTIFIER = com.hgd.WeatherAppSwiftTests;
				PRODUCT_NAME = "$(TARGET_NAME)";
				SWIFT_VERSION = 5.0;
				TARGETED_DEVICE_FAMILY = "1,2";
				TEST_HOST = "$(BUILT_PRODUCTS_DIR)/WeatherAppSwift.app/WeatherAppSwift";
			};
			name = Debug;
		};
		94E929F6240D09D9003D6B74 /* Release */ = {
			isa = XCBuildConfiguration;
			baseConfigurationReference = EB9A1BE7638B2CD3690D20B2 /* Pods-WeatherAppSwiftTests.release.xcconfig */;
			buildSettings = {
				ALWAYS_EMBED_SWIFT_STANDARD_LIBRARIES = YES;
				BUNDLE_LOADER = "$(TEST_HOST)";
				CODE_SIGN_STYLE = Automatic;
				DEVELOPMENT_TEAM = C4YHU2GEWQ;
				INFOPLIST_FILE = WeatherAppSwiftTests/Info.plist;
				IPHONEOS_DEPLOYMENT_TARGET = 13.2;
				LD_RUNPATH_SEARCH_PATHS = (
					"$(inherited)",
					"@executable_path/Frameworks",
					"@loader_path/Frameworks",
				);
				PRODUCT_BUNDLE_IDENTIFIER = com.hgd.WeatherAppSwiftTests;
				PRODUCT_NAME = "$(TARGET_NAME)";
				SWIFT_VERSION = 5.0;
				TARGETED_DEVICE_FAMILY = "1,2";
				TEST_HOST = "$(BUILT_PRODUCTS_DIR)/WeatherAppSwift.app/WeatherAppSwift";
			};
			name = Release;
		};
		94E92A672417768D003D6B74 /* Debug */ = {
			isa = XCBuildConfiguration;
			buildSettings = {
				CODE_SIGN_STYLE = Automatic;
				DEVELOPMENT_TEAM = C4YHU2GEWQ;
				INFOPLIST_FILE = WeathAppSwiftExtension/Info.plist;
				LD_RUNPATH_SEARCH_PATHS = (
					"$(inherited)",
					"@executable_path/Frameworks",
					"@executable_path/../../Frameworks",
				);
				PRODUCT_BUNDLE_IDENTIFIER = com.hgd.WeatherAppSwift.WeathAppSwiftExtension;
				PRODUCT_NAME = "$(TARGET_NAME)";
				SKIP_INSTALL = YES;
				SWIFT_VERSION = 5.0;
				TARGETED_DEVICE_FAMILY = "1,2";
			};
			name = Debug;
		};
		94E92A682417768D003D6B74 /* Release */ = {
			isa = XCBuildConfiguration;
			buildSettings = {
				CODE_SIGN_STYLE = Automatic;
				DEVELOPMENT_TEAM = C4YHU2GEWQ;
				INFOPLIST_FILE = WeathAppSwiftExtension/Info.plist;
				LD_RUNPATH_SEARCH_PATHS = (
					"$(inherited)",
					"@executable_path/Frameworks",
					"@executable_path/../../Frameworks",
				);
				PRODUCT_BUNDLE_IDENTIFIER = com.hgd.WeatherAppSwift.WeathAppSwiftExtension;
				PRODUCT_NAME = "$(TARGET_NAME)";
				SKIP_INSTALL = YES;
				SWIFT_VERSION = 5.0;
				TARGETED_DEVICE_FAMILY = "1,2";
			};
			name = Release;
		};
/* End XCBuildConfiguration section */

/* Begin XCConfigurationList section */
		94E929CD240D09D4003D6B74 /* Build configuration list for PBXProject "WeatherAppSwift" */ = {
			isa = XCConfigurationList;
			buildConfigurations = (
				94E929EF240D09D9003D6B74 /* Debug */,
				94E929F0240D09D9003D6B74 /* Release */,
			);
			defaultConfigurationIsVisible = 0;
			defaultConfigurationName = Release;
		};
		94E929F1240D09D9003D6B74 /* Build configuration list for PBXNativeTarget "WeatherAppSwift" */ = {
			isa = XCConfigurationList;
			buildConfigurations = (
				94E929F2240D09D9003D6B74 /* Debug */,
				94E929F3240D09D9003D6B74 /* Release */,
			);
			defaultConfigurationIsVisible = 0;
			defaultConfigurationName = Release;
		};
		94E929F4240D09D9003D6B74 /* Build configuration list for PBXNativeTarget "WeatherAppSwiftTests" */ = {
			isa = XCConfigurationList;
			buildConfigurations = (
				94E929F5240D09D9003D6B74 /* Debug */,
				94E929F6240D09D9003D6B74 /* Release */,
			);
			defaultConfigurationIsVisible = 0;
			defaultConfigurationName = Release;
		};
		94E92A662417768D003D6B74 /* Build configuration list for PBXNativeTarget "WeathAppSwiftExtension" */ = {
			isa = XCConfigurationList;
			buildConfigurations = (
				94E92A672417768D003D6B74 /* Debug */,
				94E92A682417768D003D6B74 /* Release */,
			);
			defaultConfigurationIsVisible = 0;
			defaultConfigurationName = Release;
		};
/* End XCConfigurationList section */
	};
	rootObject = 94E929CA240D09D4003D6B74 /* Project object */;
}
