PODS:
  - SDWebImage (5.6.0):
    - SDWebImage/Core (= 5.6.0)
  - SDWebImage/Core (5.6.0)
  - SnapKit (4.2.0)

DEPENDENCIES:
  - SDWebImage
  - SnapKit

SPEC REPOS:
  trunk:
    - SDWebImage
    - SnapKit

SPEC CHECKSUMS:
  SDWebImage: 21b19f56b4226cdfe3aefe4e6848dc43ed129a86
  SnapKit: fe8a619752f3f27075cc9a90244d75c6c3f27e2a

PODFILE CHECKSUM: 2f1bac7dd6a6f7fea54bee181e6e8c6ab6cb01e0

COCOAPODS: 1.9.0
